
Microsoft Visual Studio Solution File, Format Version 12.00
# Visual Studio Version 17
VisualStudioVersion = 17.1.32210.238
MinimumVisualStudioVersion = 10.0.40219.1
Project("{8BC9CEB8-8B4A-11D0-8D11-00A0C91BC942}") = "sema_test", "sema_test.vcxproj", "{CB83F157-174A-4D5B-8E9D-E6772A038860}"
EndProject
Global
	GlobalSection(SolutionConfigurationPlatforms) = preSolution
		Debug|x64 = Debug|x64
		Debug|x86 = Debug|x86
		Release|x64 = Release|x64
		Release|x86 = Release|x86
	EndGlobalSection
	GlobalSection(ProjectConfigurationPlatforms) = postSolution
		{CB83F157-174A-4D5B-8E9D-E6772A038860}.Debug|x64.ActiveCfg = Debug|x64
		{CB83F157-174A-4D5B-8E9D-E6772A038860}.Debug|x64.Build.0 = Debug|x64
		{CB83F157-174A-4D5B-8E9D-E6772A038860}.Debug|x86.ActiveCfg = Debug|Win32
		{CB83F157-174A-4D5B-8E9D-E6772A038860}.Debug|x86.Build.0 = Debug|Win32
		{CB83F157-174A-4D5B-8E9D-E6772A038860}.Release|x64.ActiveCfg = Release|x64
		{CB83F157-174A-4D5B-8E9D-E6772A038860}.Release|x64.Build.0 = Release|x64
		{CB83F157-174A-4D5B-8E9D-E6772A038860}.Release|x86.ActiveCfg = Release|Win32
		{CB83F157-174A-4D5B-8E9D-E6772A038860}.Release|x86.Build.0 = Release|Win32
	EndGlobalSection
	GlobalSection(SolutionProperties) = preSolution
		HideSolutionNode = FALSE
	EndGlobalSection
	GlobalSection(ExtensibilityGlobals) = postSolution
		SolutionGuid = {D6A4B9D7-0987-4F9B-A806-AB20F7645C73}
	EndGlobalSection
EndGlobal
