
Microsoft Visual Studio Solution File, Format Version 12.00
# Visual Studio Version 17
VisualStudioVersion = 17.3.32825.248
MinimumVisualStudioVersion = 10.0.40219.1
Project("{8BC9CEB8-8B4A-11D0-8D11-00A0C91BC942}") = "aud20221116", "aud20221116.vcxproj", "{99BCEDAE-C74B-466F-A361-F8EE34F7A3F9}"
EndProject
Global
	GlobalSection(SolutionConfigurationPlatforms) = preSolution
		Debug|x64 = Debug|x64
		Debug|x86 = Debug|x86
		Release|x64 = Release|x64
		Release|x86 = Release|x86
	EndGlobalSection
	GlobalSection(ProjectConfigurationPlatforms) = postSolution
		{99BCEDAE-C74B-466F-A361-F8EE34F7A3F9}.Debug|x64.ActiveCfg = Debug|x64
		{99BCEDAE-C74B-466F-A361-F8EE34F7A3F9}.Debug|x64.Build.0 = Debug|x64
		{99BCEDAE-C74B-466F-A361-F8EE34F7A3F9}.Debug|x86.ActiveCfg = Debug|Win32
		{99BCEDAE-C74B-466F-A361-F8EE34F7A3F9}.Debug|x86.Build.0 = Debug|Win32
		{99BCEDAE-C74B-466F-A361-F8EE34F7A3F9}.Release|x64.ActiveCfg = Release|x64
		{99BCEDAE-C74B-466F-A361-F8EE34F7A3F9}.Release|x64.Build.0 = Release|x64
		{99BCEDAE-C74B-466F-A361-F8EE34F7A3F9}.Release|x86.ActiveCfg = Release|Win32
		{99BCEDAE-C74B-466F-A361-F8EE34F7A3F9}.Release|x86.Build.0 = Release|Win32
	EndGlobalSection
	GlobalSection(SolutionProperties) = preSolution
		HideSolutionNode = FALSE
	EndGlobalSection
	GlobalSection(ExtensibilityGlobals) = postSolution
		SolutionGuid = {441939CE-081C-4306-8831-4CCFEE2C551B}
	EndGlobalSection
EndGlobal
