
Microsoft Visual Studio Solution File, Format Version 12.00
# Visual Studio Version 17
VisualStudioVersion = 17.0.32126.317
MinimumVisualStudioVersion = 10.0.40219.1
Project("{8BC9CEB8-8B4A-11D0-8D11-00A0C91BC942}") = "Русификация_1", "Русификация_1.vcxproj", "{795BED7E-DDB2-4C7F-8C38-722C6E9C19AD}"
EndProject
Global
	GlobalSection(SolutionConfigurationPlatforms) = preSolution
		Debug|x64 = Debug|x64
		Debug|x86 = Debug|x86
		Release|x64 = Release|x64
		Release|x86 = Release|x86
	EndGlobalSection
	GlobalSection(ProjectConfigurationPlatforms) = postSolution
		{795BED7E-DDB2-4C7F-8C38-722C6E9C19AD}.Debug|x64.ActiveCfg = Debug|x64
		{795BED7E-DDB2-4C7F-8C38-722C6E9C19AD}.Debug|x64.Build.0 = Debug|x64
		{795BED7E-DDB2-4C7F-8C38-722C6E9C19AD}.Debug|x86.ActiveCfg = Debug|Win32
		{795BED7E-DDB2-4C7F-8C38-722C6E9C19AD}.Debug|x86.Build.0 = Debug|Win32
		{795BED7E-DDB2-4C7F-8C38-722C6E9C19AD}.Release|x64.ActiveCfg = Release|x64
		{795BED7E-DDB2-4C7F-8C38-722C6E9C19AD}.Release|x64.Build.0 = Release|x64
		{795BED7E-DDB2-4C7F-8C38-722C6E9C19AD}.Release|x86.ActiveCfg = Release|Win32
		{795BED7E-DDB2-4C7F-8C38-722C6E9C19AD}.Release|x86.Build.0 = Release|Win32
	EndGlobalSection
	GlobalSection(SolutionProperties) = preSolution
		HideSolutionNode = FALSE
	EndGlobalSection
	GlobalSection(ExtensibilityGlobals) = postSolution
		SolutionGuid = {43FB69AF-3803-4438-A530-A34F3E681AA9}
	EndGlobalSection
EndGlobal
