
Microsoft Visual Studio Solution File, Format Version 12.00
# Visual Studio Version 17
VisualStudioVersion = 17.9.34607.119
MinimumVisualStudioVersion = 10.0.40219.1
Project("{8BC9CEB8-8B4A-11D0-8D11-00A0C91BC942}") = "CTF_hex_mas", "CTF_hex_mas.vcxproj", "{390034C6-FC1E-47E1-9C79-5CCD2D267372}"
EndProject
Global
	GlobalSection(SolutionConfigurationPlatforms) = preSolution
		Debug|x64 = Debug|x64
		Debug|x86 = Debug|x86
		Release|x64 = Release|x64
		Release|x86 = Release|x86
	EndGlobalSection
	GlobalSection(ProjectConfigurationPlatforms) = postSolution
		{390034C6-FC1E-47E1-9C79-5CCD2D267372}.Debug|x64.ActiveCfg = Debug|x64
		{390034C6-FC1E-47E1-9C79-5CCD2D267372}.Debug|x64.Build.0 = Debug|x64
		{390034C6-FC1E-47E1-9C79-5CCD2D267372}.Debug|x86.ActiveCfg = Debug|Win32
		{390034C6-FC1E-47E1-9C79-5CCD2D267372}.Debug|x86.Build.0 = Debug|Win32
		{390034C6-FC1E-47E1-9C79-5CCD2D267372}.Release|x64.ActiveCfg = Release|x64
		{390034C6-FC1E-47E1-9C79-5CCD2D267372}.Release|x64.Build.0 = Release|x64
		{390034C6-FC1E-47E1-9C79-5CCD2D267372}.Release|x86.ActiveCfg = Release|Win32
		{390034C6-FC1E-47E1-9C79-5CCD2D267372}.Release|x86.Build.0 = Release|Win32
	EndGlobalSection
	GlobalSection(SolutionProperties) = preSolution
		HideSolutionNode = FALSE
	EndGlobalSection
	GlobalSection(ExtensibilityGlobals) = postSolution
		SolutionGuid = {8FEA8957-05BD-416C-B6BB-F3BCECC4D51C}
	EndGlobalSection
EndGlobal
