
Microsoft Visual Studio Solution File, Format Version 12.00
# Visual Studio Version 17
VisualStudioVersion = 17.5.33424.131
MinimumVisualStudioVersion = 10.0.40219.1
Project("{8BC9CEB8-8B4A-11D0-8D11-00A0C91BC942}") = "var6", "var6.vcxproj", "{74F75A9B-5DC8-4670-B9C4-2A23A23518D0}"
EndProject
Global
	GlobalSection(SolutionConfigurationPlatforms) = preSolution
		Debug|x64 = Debug|x64
		Debug|x86 = Debug|x86
		Release|x64 = Release|x64
		Release|x86 = Release|x86
	EndGlobalSection
	GlobalSection(ProjectConfigurationPlatforms) = postSolution
		{74F75A9B-5DC8-4670-B9C4-2A23A23518D0}.Debug|x64.ActiveCfg = Debug|x64
		{74F75A9B-5DC8-4670-B9C4-2A23A23518D0}.Debug|x64.Build.0 = Debug|x64
		{74F75A9B-5DC8-4670-B9C4-2A23A23518D0}.Debug|x86.ActiveCfg = Debug|Win32
		{74F75A9B-5DC8-4670-B9C4-2A23A23518D0}.Debug|x86.Build.0 = Debug|Win32
		{74F75A9B-5DC8-4670-B9C4-2A23A23518D0}.Release|x64.ActiveCfg = Release|x64
		{74F75A9B-5DC8-4670-B9C4-2A23A23518D0}.Release|x64.Build.0 = Release|x64
		{74F75A9B-5DC8-4670-B9C4-2A23A23518D0}.Release|x86.ActiveCfg = Release|Win32
		{74F75A9B-5DC8-4670-B9C4-2A23A23518D0}.Release|x86.Build.0 = Release|Win32
	EndGlobalSection
	GlobalSection(SolutionProperties) = preSolution
		HideSolutionNode = FALSE
	EndGlobalSection
	GlobalSection(ExtensibilityGlobals) = postSolution
		SolutionGuid = {D9A03B3C-A762-4427-BD07-931C918D5D71}
	EndGlobalSection
EndGlobal
