
Microsoft Visual Studio Solution File, Format Version 12.00
# Visual Studio Version 16
VisualStudioVersion = 16.0.31005.135
MinimumVisualStudioVersion = 10.0.40219.1
Project("{8BC9CEB8-8B4A-11D0-8D11-00A0C91BC942}") = "TestBeepSound", "TestBeepSound.vcxproj", "{563EC426-BCD4-42E4-A258-606DF31AE1BA}"
EndProject
Global
	GlobalSection(SolutionConfigurationPlatforms) = preSolution
		Debug|x64 = Debug|x64
		Debug|x86 = Debug|x86
		Release|x64 = Release|x64
		Release|x86 = Release|x86
	EndGlobalSection
	GlobalSection(ProjectConfigurationPlatforms) = postSolution
		{563EC426-BCD4-42E4-A258-606DF31AE1BA}.Debug|x64.ActiveCfg = Debug|x64
		{563EC426-BCD4-42E4-A258-606DF31AE1BA}.Debug|x64.Build.0 = Debug|x64
		{563EC426-BCD4-42E4-A258-606DF31AE1BA}.Debug|x86.ActiveCfg = Debug|Win32
		{563EC426-BCD4-42E4-A258-606DF31AE1BA}.Debug|x86.Build.0 = Debug|Win32
		{563EC426-BCD4-42E4-A258-606DF31AE1BA}.Release|x64.ActiveCfg = Release|x64
		{563EC426-BCD4-42E4-A258-606DF31AE1BA}.Release|x64.Build.0 = Release|x64
		{563EC426-BCD4-42E4-A258-606DF31AE1BA}.Release|x86.ActiveCfg = Release|Win32
		{563EC426-BCD4-42E4-A258-606DF31AE1BA}.Release|x86.Build.0 = Release|Win32
	EndGlobalSection
	GlobalSection(SolutionProperties) = preSolution
		HideSolutionNode = FALSE
	EndGlobalSection
	GlobalSection(ExtensibilityGlobals) = postSolution
		SolutionGuid = {A0B46273-1548-41B0-B42C-35F7D153848A}
	EndGlobalSection
EndGlobal
